
Microsoft Visual Studio Solution File, Format Version 12.00
# Visual Studio Version 17
VisualStudioVersion = 17.3.32901.215
MinimumVisualStudioVersion = 10.0.40219.1
Project("{FAE04EC0-301F-11D3-BF4B-00C04F79EFBC}") = "McNameeOOP", "McNameeOOP.csproj", "{1669A767-7471-4B54-B1A1-A09205664F9A}"
EndProject
Global
	GlobalSection(SolutionConfigurationPlatforms) = preSolution
		Debug|Any CPU = Debug|Any CPU
		Release|Any CPU = Release|Any CPU
	EndGlobalSection
	GlobalSection(ProjectConfigurationPlatforms) = postSolution
		{1669A767-7471-4B54-B1A1-A09205664F9A}.Debug|Any CPU.ActiveCfg = Debug|Any CPU
		{1669A767-7471-4B54-B1A1-A09205664F9A}.Debug|Any CPU.Build.0 = Debug|Any CPU
		{1669A767-7471-4B54-B1A1-A09205664F9A}.Release|Any CPU.ActiveCfg = Release|Any CPU
		{1669A767-7471-4B54-B1A1-A09205664F9A}.Release|Any CPU.Build.0 = Release|Any CPU
	EndGlobalSection
	GlobalSection(SolutionProperties) = preSolution
		HideSolutionNode = FALSE
	EndGlobalSection
	GlobalSection(ExtensibilityGlobals) = postSolution
		SolutionGuid = {5C5CE900-A282-4915-90BE-90C5D8229C79}
	EndGlobalSection
EndGlobal
